// !$*UTF8*$!
{
	archiveVersion = 1;
	classes = {
	};
	objectVersion = 46;
	objects = {

/* Begin PBXBuildFile section */
		0044A0936AD9AD41B9099D96 /* KaTeX_Math-BoldItalic.woff in Resources */ = {isa = PBXBuildFile; fileRef = 0C413122E042250030A3480C /* KaTeX_Math-BoldItalic.woff */; };
		01A467A09806F0D6EA38D62B /* KaTeX_AMS-Regular.woff in Resources */ = {isa = PBXBuildFile; fileRef = 078D436B7FB9739C38E082EF /* KaTeX_AMS-Regular.woff */; };
		06DECA34466BD2B7A9A759EC /* markdown-it-task-lists.min.js in Resources */ = {isa = PBXBuildFile; fileRef = A171FDD22D0B65913578C685 /* markdown-it-task-lists.min.js */; };
		0A11AE5E24F5213333FB4A64 /* KaTeX_SansSerif-Bold.ttf in Resources */ = {isa = PBXBuildFile; fileRef = 9F5FBF1EB480DF336ECD037A /* KaTeX_SansSerif-Bold.ttf */; };
		0EB710A424D92E3C21EFF3A4 /* HoverMonitorService.swift in Sources */ = {isa = PBXBuildFile; fileRef = 5729541D1697E46B2E4A4EC3 /* HoverMonitorService.swift */; };
		0FDFA7A72331D158B470E004 /* KaTeX_Main-Bold.woff2 in Resources */ = {isa = PBXBuildFile; fileRef = 3EEC1CD2AFB8151FF496E3A5 /* KaTeX_Main-Bold.woff2 */; };
		19EEF35F6FCBF0BF1DA850AE /* KaTeX_Size1-Regular.woff2 in Resources */ = {isa = PBXBuildFile; fileRef = 66A0DBC9F6D408E424834EA0 /* KaTeX_Size1-Regular.woff2 */; };
		1B463BF29C221CF9AF1592A9 /* KaTeX_AMS-Regular.woff2 in Resources */ = {isa = PBXBuildFile; fileRef = 773BE2D76AD988EF95064CA6 /* KaTeX_AMS-Regular.woff2 */; };
		2056A01882E754A07393DB01 /* KaTeX_Size3-Regular.woff2 in Resources */ = {isa = PBXBuildFile; fileRef = C3CB752B61FAA5265B37D9D0 /* KaTeX_Size3-Regular.woff2 */; };
		22B7A6A50AB31361D45E70D0 /* markdown-it.min.js in Resources */ = {isa = PBXBuildFile; fileRef = EFECB41426BE00E6DAA87C93 /* markdown-it.min.js */; };
		2981DFCBE55380893D7DE064 /* FinderItemResolver.swift in Sources */ = {isa = PBXBuildFile; fileRef = 120971C81D174461815F6BA0 /* FinderItemResolver.swift */; };
		2B63A1F31B7251BD011C2560 /* KaTeX_Size4-Regular.woff in Resources */ = {isa = PBXBuildFile; fileRef = C6CC9796A635D5E018F30A7E /* KaTeX_Size4-Regular.woff */; };
		2D4426913E3CC469A568C312 /* KaTeX_Fraktur-Bold.ttf in Resources */ = {isa = PBXBuildFile; fileRef = A8B91ED4FFCB3039F7DDD9A9 /* KaTeX_Fraktur-Bold.ttf */; };
		37C93BC79039DDA80A735B2A /* KaTeX_SansSerif-Regular.ttf in Resources */ = {isa = PBXBuildFile; fileRef = 3F0E8C5040A3F22AAD01F26B /* KaTeX_SansSerif-Regular.ttf */; };
		410DACB9CE2E7DB023924AAB /* KaTeX_Main-Italic.ttf in Resources */ = {isa = PBXBuildFile; fileRef = 863FF30533112EA038B08B1C /* KaTeX_Main-Italic.ttf */; };
		4541437C2ACD0EEA975874BD /* KaTeX_Main-BoldItalic.woff2 in Resources */ = {isa = PBXBuildFile; fileRef = 3CCAF02A94702314C31E78F1 /* KaTeX_Main-BoldItalic.woff2 */; };
		454732A831832E100D7C00C9 /* katex.min.js in Resources */ = {isa = PBXBuildFile; fileRef = 7AE2C8C4E195FCB9C50A6F81 /* katex.min.js */; };
		468203C45B5F66293325DB20 /* KaTeX_Size4-Regular.ttf in Resources */ = {isa = PBXBuildFile; fileRef = 20FB723D7D4972A7D0665E6A /* KaTeX_Size4-Regular.ttf */; };
		469706E7D803DE50DB5B625F /* KaTeX_Main-Regular.woff in Resources */ = {isa = PBXBuildFile; fileRef = 66357A76607E119CEB63DEDB /* KaTeX_Main-Regular.woff */; };
		49982E8DE62FFE0C9B69E03C /* KaTeX_Main-Italic.woff in Resources */ = {isa = PBXBuildFile; fileRef = D7EC5057E477DB223CDF59B8 /* KaTeX_Main-Italic.woff */; };
		4B8C051E12556640559A8853 /* KaTeX_Size2-Regular.ttf in Resources */ = {isa = PBXBuildFile; fileRef = AA40D3C79766E777C1493128 /* KaTeX_Size2-Regular.ttf */; };
		4EFAE189DD85B1D8E7496A28 /* FastMDApp.swift in Sources */ = {isa = PBXBuildFile; fileRef = DA45272C8DA5ECE172F12842 /* FastMDApp.swift */; };
		59295330BB804817893CA7EA /* Cocoa.framework in Frameworks */ = {isa = PBXBuildFile; fileRef = 5156C968637F00C383ADCCF7 /* Cocoa.framework */; };
		5ABEF3666B1B1DE96941675D /* AppDelegate.swift in Sources */ = {isa = PBXBuildFile; fileRef = 14F0C4920486D5F540494E20 /* AppDelegate.swift */; };
		5BBBE07A1AEFD19ECDEF9F72 /* KaTeX_Main-Bold.woff in Resources */ = {isa = PBXBuildFile; fileRef = 0E98B521264A4808F2D023F4 /* KaTeX_Main-Bold.woff */; };
		5E0F757230910FBCFCB478A3 /* katex-auto-render.min.js in Resources */ = {isa = PBXBuildFile; fileRef = C20102D711E172DD9FC493AB /* katex-auto-render.min.js */; };
		5F48E4309D47F9CA4F4A288E /* highlight.common.min.js in Resources */ = {isa = PBXBuildFile; fileRef = 2313F21B7464276BAA6625CF /* highlight.common.min.js */; };
		614134D4BA2DD148D24C3C75 /* KaTeX_Size3-Regular.ttf in Resources */ = {isa = PBXBuildFile; fileRef = 57E62B37429796DF1AB43EAD /* KaTeX_Size3-Regular.ttf */; };
		6374A1C418B77B8CCAA96673 /* KaTeX_Main-Regular.ttf in Resources */ = {isa = PBXBuildFile; fileRef = D35C606E5A90C0CF2FCDB721 /* KaTeX_Main-Regular.ttf */; };
		69AFDBC62BFA7A06A9044D62 /* KaTeX_Caligraphic-Regular.woff in Resources */ = {isa = PBXBuildFile; fileRef = 8792150FA6D83DA4045855D6 /* KaTeX_Caligraphic-Regular.woff */; };
		6A7ED13AC53D887386472130 /* KaTeX_Script-Regular.ttf in Resources */ = {isa = PBXBuildFile; fileRef = 27FC978B81A698DAF46A748A /* KaTeX_Script-Regular.ttf */; };
		725D89561E330AB7600B52A6 /* Cocoa.framework in Frameworks */ = {isa = PBXBuildFile; fileRef = 5156C968637F00C383ADCCF7 /* Cocoa.framework */; };
		75763B3047A5F2B915BE3B42 /* KaTeX_Caligraphic-Regular.woff2 in Resources */ = {isa = PBXBuildFile; fileRef = A75C4BBE9BB52A0E73E5B1CA /* KaTeX_Caligraphic-Regular.woff2 */; };
		763774C16268256CB78AADDB /* KaTeX_Size4-Regular.woff2 in Resources */ = {isa = PBXBuildFile; fileRef = 50B54D8EECDE6995FDFC67F1 /* KaTeX_Size4-Regular.woff2 */; };
		78D78460DBB522C8390A21D1 /* FinderHoverCoordinator.swift in Sources */ = {isa = PBXBuildFile; fileRef = E705C70BF8D0EB568F201B2B /* FinderHoverCoordinator.swift */; };
		7A1DF4C70442D8C1745659C1 /* KaTeX_Typewriter-Regular.ttf in Resources */ = {isa = PBXBuildFile; fileRef = 9E24E503D5E2E45D73C621D8 /* KaTeX_Typewriter-Regular.ttf */; };
		7B0AFBA9FD9978782A5A139C /* KaTeX_Fraktur-Bold.woff2 in Resources */ = {isa = PBXBuildFile; fileRef = 134E235D8ED7372CCCC02E1C /* KaTeX_Fraktur-Bold.woff2 */; };
		80284F9AE5D7402B6035B398 /* KaTeX_Fraktur-Regular.woff in Resources */ = {isa = PBXBuildFile; fileRef = 3197642EE4E732635ABF99DE /* KaTeX_Fraktur-Regular.woff */; };
		837258282EE3642A7EC70DB4 /* KaTeX_Math-Italic.woff2 in Resources */ = {isa = PBXBuildFile; fileRef = BBB44D526ABDCE9035149748 /* KaTeX_Math-Italic.woff2 */; };
		83D43C9E7EF98E2449C7D4BB /* KaTeX_Size2-Regular.woff2 in Resources */ = {isa = PBXBuildFile; fileRef = CED17E8E16A229DB64F74EC0 /* KaTeX_Size2-Regular.woff2 */; };
		86776AC7C9DB53682862CAE7 /* KaTeX_Math-BoldItalic.ttf in Resources */ = {isa = PBXBuildFile; fileRef = 3983AB94FE298F3251E2F130 /* KaTeX_Math-BoldItalic.ttf */; };
		89BBAD510A1C4E6F061F9D89 /* KaTeX_SansSerif-Bold.woff2 in Resources */ = {isa = PBXBuildFile; fileRef = 0C71282AF0ABCCB8DE40BB56 /* KaTeX_SansSerif-Bold.woff2 */; };
		89CECCA24D026E3D1FA865C7 /* KaTeX_Caligraphic-Bold.woff2 in Resources */ = {isa = PBXBuildFile; fileRef = 3443092C097C964205533160 /* KaTeX_Caligraphic-Bold.woff2 */; };
		8A5435607C4DEBACD50BB455 /* KaTeX_Main-Regular.woff2 in Resources */ = {isa = PBXBuildFile; fileRef = C68939BBD0FFCB9FE9821D42 /* KaTeX_Main-Regular.woff2 */; };
		8CAED59279FC8962F8930608 /* KaTeX_Typewriter-Regular.woff2 in Resources */ = {isa = PBXBuildFile; fileRef = 762D57744134A72599933D4D /* KaTeX_Typewriter-Regular.woff2 */; };
		8D33D82E2C4BFD028E11602F /* markdown-it-footnote.min.js in Resources */ = {isa = PBXBuildFile; fileRef = C405FAD18FD495016FA416D7 /* markdown-it-footnote.min.js */; };
		8E0294ED6F6E6EA71C0777AB /* KaTeX_SansSerif-Regular.woff in Resources */ = {isa = PBXBuildFile; fileRef = 0C5226F7409292CBC0650C02 /* KaTeX_SansSerif-Regular.woff */; };
		8F6A81A2F83BCB1DFCFDB699 /* KaTeX_SansSerif-Regular.woff2 in Resources */ = {isa = PBXBuildFile; fileRef = 8EA2EEFA1C07ADA9B4FCB1A2 /* KaTeX_SansSerif-Regular.woff2 */; };
		957A7800EC15308C92887469 /* KaTeX_Size1-Regular.ttf in Resources */ = {isa = PBXBuildFile; fileRef = C85746C4D8DB5858408E0896 /* KaTeX_Size1-Regular.ttf */; };
		982024FC1B92CA53FA8E1AEC /* RuntimeLogger.swift in Sources */ = {isa = PBXBuildFile; fileRef = 44993036002D40CB653C28F7 /* RuntimeLogger.swift */; };
		98D11753E1FD1E86EB539C72 /* KaTeX_Typewriter-Regular.woff in Resources */ = {isa = PBXBuildFile; fileRef = 975384232C04A0CC3BC3FEB2 /* KaTeX_Typewriter-Regular.woff */; };
		9A9ADCCDECD2E138D0B2779C /* KaTeX_SansSerif-Italic.ttf in Resources */ = {isa = PBXBuildFile; fileRef = 9CBFE885C9D4EED8D96121A8 /* KaTeX_SansSerif-Italic.ttf */; };
		9B25A0CDD08BB1790AC954B2 /* KaTeX_Main-BoldItalic.ttf in Resources */ = {isa = PBXBuildFile; fileRef = 671253F7D2F217FEC206A832 /* KaTeX_Main-BoldItalic.ttf */; };
		A4F9929B3034F8CB92441B52 /* KaTeX_SansSerif-Bold.woff in Resources */ = {isa = PBXBuildFile; fileRef = 93C97B7FBA20E6BF9B3F7A9C /* KaTeX_SansSerif-Bold.woff */; };
		A600999C61E64444D07149D4 /* KaTeX_AMS-Regular.ttf in Resources */ = {isa = PBXBuildFile; fileRef = 06267DA56DAF176146D41E13 /* KaTeX_AMS-Regular.ttf */; };
		A82EF6D309EE966116917D2C /* FinderSelectionResolver.swift in Sources */ = {isa = PBXBuildFile; fileRef = 01D967E40E949D1DA80628D3 /* FinderSelectionResolver.swift */; };
		AA43A19AD5324B5107B01F03 /* KaTeX_Size3-Regular.woff in Resources */ = {isa = PBXBuildFile; fileRef = 923B4AC8F2FF90E90A8B915D /* KaTeX_Size3-Regular.woff */; };
		AB78CE538A7EA04D1BA597EB /* KaTeX_SansSerif-Italic.woff2 in Resources */ = {isa = PBXBuildFile; fileRef = 735E3FDEFB8547DC11F26D11 /* KaTeX_SansSerif-Italic.woff2 */; };
		B1384AD6FD4F0A27F27AEB0F /* KaTeX_Caligraphic-Bold.ttf in Resources */ = {isa = PBXBuildFile; fileRef = 648E6B0096E1EA9CBFCF368A /* KaTeX_Caligraphic-Bold.ttf */; };
		B89D733597FEBA5C976532B0 /* FastMDTests.swift in Sources */ = {isa = PBXBuildFile; fileRef = 1487C6C23FD89F226A22898F /* FastMDTests.swift */; };
		BB69D4AE3860A5E93014F6A9 /* KaTeX_Size1-Regular.woff in Resources */ = {isa = PBXBuildFile; fileRef = 421721ED4EB64C1D44F5EBF7 /* KaTeX_Size1-Regular.woff */; };
		BD2B24481F176DE1F09507B9 /* MarkdownRenderer.swift in Sources */ = {isa = PBXBuildFile; fileRef = 2CFC2F7757A610C0E32BE70B /* MarkdownRenderer.swift */; };
		C3862C847886E9C4DFDF57E1 /* KaTeX_Math-Italic.ttf in Resources */ = {isa = PBXBuildFile; fileRef = 304166C3919F99E27F21B7D2 /* KaTeX_Math-Italic.ttf */; };
		C6FC62BE0294FACC70D16081 /* KaTeX_Script-Regular.woff2 in Resources */ = {isa = PBXBuildFile; fileRef = F15A43DB11CB9877BE19C712 /* KaTeX_Script-Regular.woff2 */; };
		CA44FA9191742CACE6B17074 /* KaTeX_Size2-Regular.woff in Resources */ = {isa = PBXBuildFile; fileRef = 76745B0535EACD616ED178B8 /* KaTeX_Size2-Regular.woff */; };
		CD9170C66DB26FB48ACA135F /* KaTeX_Main-BoldItalic.woff in Resources */ = {isa = PBXBuildFile; fileRef = DC4AC1F3558A2EC073E03F19 /* KaTeX_Main-BoldItalic.woff */; };
		CECCDD78F7E113D45D59B680 /* AccessibilityPermissionManager.swift in Sources */ = {isa = PBXBuildFile; fileRef = 2905E2137D30BEEE8441CAB1 /* AccessibilityPermissionManager.swift */; };
		D0F7092B433DCF2EE293CE40 /* VendorAssetLoader.swift in Sources */ = {isa = PBXBuildFile; fileRef = BD9996403F8B47A5ED513FE7 /* VendorAssetLoader.swift */; };
		D30258D67973DC21AC650E45 /* KaTeX_Fraktur-Regular.ttf in Resources */ = {isa = PBXBuildFile; fileRef = CED4BF7B09A8CFA7A73DE791 /* KaTeX_Fraktur-Regular.ttf */; };
		DC517BB3DC9265310BA0FB1C /* PreviewPanelController.swift in Sources */ = {isa = PBXBuildFile; fileRef = FC064549C9EC10BC395DD220 /* PreviewPanelController.swift */; };
		DD810E01430295CACDD523E8 /* KaTeX_Math-BoldItalic.woff2 in Resources */ = {isa = PBXBuildFile; fileRef = 93638FCBB921B46E934A9F5A /* KaTeX_Math-BoldItalic.woff2 */; };
		DF4160129C67603BA4E2E6B7 /* KaTeX_SansSerif-Italic.woff in Resources */ = {isa = PBXBuildFile; fileRef = 863939C30B345E8684166FD8 /* KaTeX_SansSerif-Italic.woff */; };
		E4D55952D9B74AD306C4D2D1 /* mermaid.min.js in Resources */ = {isa = PBXBuildFile; fileRef = 91D9D702847A7DB3C6EF779B /* mermaid.min.js */; };
		E5BEA3E5F82C59A33E37C066 /* KaTeX_Math-Italic.woff in Resources */ = {isa = PBXBuildFile; fileRef = 0DD2269EFF90C02674827067 /* KaTeX_Math-Italic.woff */; };
		E683955CDB482105AA72DF7E /* katex.min.css in Resources */ = {isa = PBXBuildFile; fileRef = B34DBFE5AE2ED78E3BC86AD0 /* katex.min.css */; };
		EEACCE57070F1426502986BB /* KaTeX_Fraktur-Bold.woff in Resources */ = {isa = PBXBuildFile; fileRef = 2DFDA95F0B7D444F894BFAF4 /* KaTeX_Fraktur-Bold.woff */; };
		F300F6ED42D333AFBB76EDA7 /* highlight.github.min.css in Resources */ = {isa = PBXBuildFile; fileRef = 3EFA3E9FEA73E56F7DC76F5E /* highlight.github.min.css */; };
		F307E83577632663EF68513B /* KaTeX_Script-Regular.woff in Resources */ = {isa = PBXBuildFile; fileRef = 47B87FF2F5868148B456BD4F /* KaTeX_Script-Regular.woff */; };
		F3E4A15986F6B1249D89CE5B /* KaTeX_Main-Bold.ttf in Resources */ = {isa = PBXBuildFile; fileRef = 20CDA1E344C90F84CE5BD503 /* KaTeX_Main-Bold.ttf */; };
		FCB098168828600E2C204816 /* KaTeX_Caligraphic-Regular.ttf in Resources */ = {isa = PBXBuildFile; fileRef = 0523CFC8F19AF88C1A46AA40 /* KaTeX_Caligraphic-Regular.ttf */; };
		FD805B5684A488D3607EA58A /* KaTeX_Main-Italic.woff2 in Resources */ = {isa = PBXBuildFile; fileRef = 34C9E2670B874CCF7B91E34D /* KaTeX_Main-Italic.woff2 */; };
		FE8CC69BBF525BC965C9BADB /* KaTeX_Fraktur-Regular.woff2 in Resources */ = {isa = PBXBuildFile; fileRef = 31B3917CA62F992F037C79E2 /* KaTeX_Fraktur-Regular.woff2 */; };
		FED64A298B365BBC1B863405 /* KaTeX_Caligraphic-Bold.woff in Resources */ = {isa = PBXBuildFile; fileRef = B5F2F503F01943F21F9654C6 /* KaTeX_Caligraphic-Bold.woff */; };
/* End PBXBuildFile section */

/* Begin PBXContainerItemProxy section */
		199A86D3848E45375705A3FE /* PBXContainerItemProxy */ = {
			isa = PBXContainerItemProxy;
			containerPortal = ED75B21F09A0A32D481C6A41 /* Project object */;
			proxyType = 1;
			remoteGlobalIDString = 9E8030F6741DF948F9E69884;
			remoteInfo = FastMD;
		};
/* End PBXContainerItemProxy section */

/* Begin PBXFileReference section */
		01D967E40E949D1DA80628D3 /* FinderSelectionResolver.swift */ = {isa = PBXFileReference; includeInIndex = 1; lastKnownFileType = sourcecode.swift; path = FinderSelectionResolver.swift; sourceTree = "<group>"; };
		0523CFC8F19AF88C1A46AA40 /* KaTeX_Caligraphic-Regular.ttf */ = {isa = PBXFileReference; includeInIndex = 1; name = "KaTeX_Caligraphic-Regular.ttf"; path = "Vendor/fonts/KaTeX_Caligraphic-Regular.ttf"; sourceTree = "<group>"; };
		06267DA56DAF176146D41E13 /* KaTeX_AMS-Regular.ttf */ = {isa = PBXFileReference; includeInIndex = 1; name = "KaTeX_AMS-Regular.ttf"; path = "Vendor/fonts/KaTeX_AMS-Regular.ttf"; sourceTree = "<group>"; };
		078D436B7FB9739C38E082EF /* KaTeX_AMS-Regular.woff */ = {isa = PBXFileReference; includeInIndex = 1; name = "KaTeX_AMS-Regular.woff"; path = "Vendor/fonts/KaTeX_AMS-Regular.woff"; sourceTree = "<group>"; };
		0A7E5DB27C125F3DBAFAF666 /* FastMDTests.xctest */ = {isa = PBXFileReference; explicitFileType = wrapper.cfbundle; includeInIndex = 0; path = FastMDTests.xctest; sourceTree = BUILT_PRODUCTS_DIR; };
		0C413122E042250030A3480C /* KaTeX_Math-BoldItalic.woff */ = {isa = PBXFileReference; includeInIndex = 1; name = "KaTeX_Math-BoldItalic.woff"; path = "Vendor/fonts/KaTeX_Math-BoldItalic.woff"; sourceTree = "<group>"; };
		0C5226F7409292CBC0650C02 /* KaTeX_SansSerif-Regular.woff */ = {isa = PBXFileReference; includeInIndex = 1; name = "KaTeX_SansSerif-Regular.woff"; path = "Vendor/fonts/KaTeX_SansSerif-Regular.woff"; sourceTree = "<group>"; };
		0C71282AF0ABCCB8DE40BB56 /* KaTeX_SansSerif-Bold.woff2 */ = {isa = PBXFileReference; includeInIndex = 1; name = "KaTeX_SansSerif-Bold.woff2"; path = "Vendor/fonts/KaTeX_SansSerif-Bold.woff2"; sourceTree = "<group>"; };
		0DD2269EFF90C02674827067 /* KaTeX_Math-Italic.woff */ = {isa = PBXFileReference; includeInIndex = 1; name = "KaTeX_Math-Italic.woff"; path = "Vendor/fonts/KaTeX_Math-Italic.woff"; sourceTree = "<group>"; };
		0E98B521264A4808F2D023F4 /* KaTeX_Main-Bold.woff */ = {isa = PBXFileReference; includeInIndex = 1; name = "KaTeX_Main-Bold.woff"; path = "Vendor/fonts/KaTeX_Main-Bold.woff"; sourceTree = "<group>"; };
		120971C81D174461815F6BA0 /* FinderItemResolver.swift */ = {isa = PBXFileReference; includeInIndex = 1; lastKnownFileType = sourcecode.swift; path = FinderItemResolver.swift; sourceTree = "<group>"; };
		134E235D8ED7372CCCC02E1C /* KaTeX_Fraktur-Bold.woff2 */ = {isa = PBXFileReference; includeInIndex = 1; name = "KaTeX_Fraktur-Bold.woff2"; path = "Vendor/fonts/KaTeX_Fraktur-Bold.woff2"; sourceTree = "<group>"; };
		1487C6C23FD89F226A22898F /* FastMDTests.swift */ = {isa = PBXFileReference; includeInIndex = 1; lastKnownFileType = sourcecode.swift; path = FastMDTests.swift; sourceTree = "<group>"; };
		14F0C4920486D5F540494E20 /* AppDelegate.swift */ = {isa = PBXFileReference; includeInIndex = 1; lastKnownFileType = sourcecode.swift; path = AppDelegate.swift; sourceTree = "<group>"; };
		20CDA1E344C90F84CE5BD503 /* KaTeX_Main-Bold.ttf */ = {isa = PBXFileReference; includeInIndex = 1; name = "KaTeX_Main-Bold.ttf"; path = "Vendor/fonts/KaTeX_Main-Bold.ttf"; sourceTree = "<group>"; };
		20FB723D7D4972A7D0665E6A /* KaTeX_Size4-Regular.ttf */ = {isa = PBXFileReference; includeInIndex = 1; name = "KaTeX_Size4-Regular.ttf"; path = "Vendor/fonts/KaTeX_Size4-Regular.ttf"; sourceTree = "<group>"; };
		2313F21B7464276BAA6625CF /* highlight.common.min.js */ = {isa = PBXFileReference; includeInIndex = 1; name = highlight.common.min.js; path = Vendor/js/highlight.common.min.js; sourceTree = "<group>"; };
		27FC978B81A698DAF46A748A /* KaTeX_Script-Regular.ttf */ = {isa = PBXFileReference; includeInIndex = 1; name = "KaTeX_Script-Regular.ttf"; path = "Vendor/fonts/KaTeX_Script-Regular.ttf"; sourceTree = "<group>"; };
		2905E2137D30BEEE8441CAB1 /* AccessibilityPermissionManager.swift */ = {isa = PBXFileReference; includeInIndex = 1; lastKnownFileType = sourcecode.swift; path = AccessibilityPermissionManager.swift; sourceTree = "<group>"; };
		2CFC2F7757A610C0E32BE70B /* MarkdownRenderer.swift */ = {isa = PBXFileReference; includeInIndex = 1; lastKnownFileType = sourcecode.swift; path = MarkdownRenderer.swift; sourceTree = "<group>"; };
		2DFDA95F0B7D444F894BFAF4 /* KaTeX_Fraktur-Bold.woff */ = {isa = PBXFileReference; includeInIndex = 1; name = "KaTeX_Fraktur-Bold.woff"; path = "Vendor/fonts/KaTeX_Fraktur-Bold.woff"; sourceTree = "<group>"; };
		304166C3919F99E27F21B7D2 /* KaTeX_Math-Italic.ttf */ = {isa = PBXFileReference; includeInIndex = 1; name = "KaTeX_Math-Italic.ttf"; path = "Vendor/fonts/KaTeX_Math-Italic.ttf"; sourceTree = "<group>"; };
		3197642EE4E732635ABF99DE /* KaTeX_Fraktur-Regular.woff */ = {isa = PBXFileReference; includeInIndex = 1; name = "KaTeX_Fraktur-Regular.woff"; path = "Vendor/fonts/KaTeX_Fraktur-Regular.woff"; sourceTree = "<group>"; };
		31B3917CA62F992F037C79E2 /* KaTeX_Fraktur-Regular.woff2 */ = {isa = PBXFileReference; includeInIndex = 1; name = "KaTeX_Fraktur-Regular.woff2"; path = "Vendor/fonts/KaTeX_Fraktur-Regular.woff2"; sourceTree = "<group>"; };
		3443092C097C964205533160 /* KaTeX_Caligraphic-Bold.woff2 */ = {isa = PBXFileReference; includeInIndex = 1; name = "KaTeX_Caligraphic-Bold.woff2"; path = "Vendor/fonts/KaTeX_Caligraphic-Bold.woff2"; sourceTree = "<group>"; };
		34C9E2670B874CCF7B91E34D /* KaTeX_Main-Italic.woff2 */ = {isa = PBXFileReference; includeInIndex = 1; name = "KaTeX_Main-Italic.woff2"; path = "Vendor/fonts/KaTeX_Main-Italic.woff2"; sourceTree = "<group>"; };
		3983AB94FE298F3251E2F130 /* KaTeX_Math-BoldItalic.ttf */ = {isa = PBXFileReference; includeInIndex = 1; name = "KaTeX_Math-BoldItalic.ttf"; path = "Vendor/fonts/KaTeX_Math-BoldItalic.ttf"; sourceTree = "<group>"; };
		3CCAF02A94702314C31E78F1 /* KaTeX_Main-BoldItalic.woff2 */ = {isa = PBXFileReference; includeInIndex = 1; name = "KaTeX_Main-BoldItalic.woff2"; path = "Vendor/fonts/KaTeX_Main-BoldItalic.woff2"; sourceTree = "<group>"; };
		3EEC1CD2AFB8151FF496E3A5 /* KaTeX_Main-Bold.woff2 */ = {isa = PBXFileReference; includeInIndex = 1; name = "KaTeX_Main-Bold.woff2"; path = "Vendor/fonts/KaTeX_Main-Bold.woff2"; sourceTree = "<group>"; };
		3EFA3E9FEA73E56F7DC76F5E /* highlight.github.min.css */ = {isa = PBXFileReference; includeInIndex = 1; name = highlight.github.min.css; path = Vendor/css/highlight.github.min.css; sourceTree = "<group>"; };
		3F0E8C5040A3F22AAD01F26B /* KaTeX_SansSerif-Regular.ttf */ = {isa = PBXFileReference; includeInIndex = 1; name = "KaTeX_SansSerif-Regular.ttf"; path = "Vendor/fonts/KaTeX_SansSerif-Regular.ttf"; sourceTree = "<group>"; };
		421721ED4EB64C1D44F5EBF7 /* KaTeX_Size1-Regular.woff */ = {isa = PBXFileReference; includeInIndex = 1; name = "KaTeX_Size1-Regular.woff"; path = "Vendor/fonts/KaTeX_Size1-Regular.woff"; sourceTree = "<group>"; };
		44993036002D40CB653C28F7 /* RuntimeLogger.swift */ = {isa = PBXFileReference; includeInIndex = 1; lastKnownFileType = sourcecode.swift; path = RuntimeLogger.swift; sourceTree = "<group>"; };
		47B87FF2F5868148B456BD4F /* KaTeX_Script-Regular.woff */ = {isa = PBXFileReference; includeInIndex = 1; name = "KaTeX_Script-Regular.woff"; path = "Vendor/fonts/KaTeX_Script-Regular.woff"; sourceTree = "<group>"; };
		50B54D8EECDE6995FDFC67F1 /* KaTeX_Size4-Regular.woff2 */ = {isa = PBXFileReference; includeInIndex = 1; name = "KaTeX_Size4-Regular.woff2"; path = "Vendor/fonts/KaTeX_Size4-Regular.woff2"; sourceTree = "<group>"; };
		5156C968637F00C383ADCCF7 /* Cocoa.framework */ = {isa = PBXFileReference; lastKnownFileType = wrapper.framework; name = Cocoa.framework; path = System/Library/Frameworks/Cocoa.framework; sourceTree = SDKROOT; };
		5729541D1697E46B2E4A4EC3 /* HoverMonitorService.swift */ = {isa = PBXFileReference; includeInIndex = 1; lastKnownFileType = sourcecode.swift; path = HoverMonitorService.swift; sourceTree = "<group>"; };
		57E62B37429796DF1AB43EAD /* KaTeX_Size3-Regular.ttf */ = {isa = PBXFileReference; includeInIndex = 1; name = "KaTeX_Size3-Regular.ttf"; path = "Vendor/fonts/KaTeX_Size3-Regular.ttf"; sourceTree = "<group>"; };
		648E6B0096E1EA9CBFCF368A /* KaTeX_Caligraphic-Bold.ttf */ = {isa = PBXFileReference; includeInIndex = 1; name = "KaTeX_Caligraphic-Bold.ttf"; path = "Vendor/fonts/KaTeX_Caligraphic-Bold.ttf"; sourceTree = "<group>"; };
		66357A76607E119CEB63DEDB /* KaTeX_Main-Regular.woff */ = {isa = PBXFileReference; includeInIndex = 1; name = "KaTeX_Main-Regular.woff"; path = "Vendor/fonts/KaTeX_Main-Regular.woff"; sourceTree = "<group>"; };
		66A0DBC9F6D408E424834EA0 /* KaTeX_Size1-Regular.woff2 */ = {isa = PBXFileReference; includeInIndex = 1; name = "KaTeX_Size1-Regular.woff2"; path = "Vendor/fonts/KaTeX_Size1-Regular.woff2"; sourceTree = "<group>"; };
		671253F7D2F217FEC206A832 /* KaTeX_Main-BoldItalic.ttf */ = {isa = PBXFileReference; includeInIndex = 1; name = "KaTeX_Main-BoldItalic.ttf"; path = "Vendor/fonts/KaTeX_Main-BoldItalic.ttf"; sourceTree = "<group>"; };
		735E3FDEFB8547DC11F26D11 /* KaTeX_SansSerif-Italic.woff2 */ = {isa = PBXFileReference; includeInIndex = 1; name = "KaTeX_SansSerif-Italic.woff2"; path = "Vendor/fonts/KaTeX_SansSerif-Italic.woff2"; sourceTree = "<group>"; };
		762D57744134A72599933D4D /* KaTeX_Typewriter-Regular.woff2 */ = {isa = PBXFileReference; includeInIndex = 1; name = "KaTeX_Typewriter-Regular.woff2"; path = "Vendor/fonts/KaTeX_Typewriter-Regular.woff2"; sourceTree = "<group>"; };
		76745B0535EACD616ED178B8 /* KaTeX_Size2-Regular.woff */ = {isa = PBXFileReference; includeInIndex = 1; name = "KaTeX_Size2-Regular.woff"; path = "Vendor/fonts/KaTeX_Size2-Regular.woff"; sourceTree = "<group>"; };
		773BE2D76AD988EF95064CA6 /* KaTeX_AMS-Regular.woff2 */ = {isa = PBXFileReference; includeInIndex = 1; name = "KaTeX_AMS-Regular.woff2"; path = "Vendor/fonts/KaTeX_AMS-Regular.woff2"; sourceTree = "<group>"; };
		7AE2C8C4E195FCB9C50A6F81 /* katex.min.js */ = {isa = PBXFileReference; includeInIndex = 1; name = katex.min.js; path = Vendor/js/katex.min.js; sourceTree = "<group>"; };
		863939C30B345E8684166FD8 /* KaTeX_SansSerif-Italic.woff */ = {isa = PBXFileReference; includeInIndex = 1; name = "KaTeX_SansSerif-Italic.woff"; path = "Vendor/fonts/KaTeX_SansSerif-Italic.woff"; sourceTree = "<group>"; };
		863FF30533112EA038B08B1C /* KaTeX_Main-Italic.ttf */ = {isa = PBXFileReference; includeInIndex = 1; name = "KaTeX_Main-Italic.ttf"; path = "Vendor/fonts/KaTeX_Main-Italic.ttf"; sourceTree = "<group>"; };
		8792150FA6D83DA4045855D6 /* KaTeX_Caligraphic-Regular.woff */ = {isa = PBXFileReference; includeInIndex = 1; name = "KaTeX_Caligraphic-Regular.woff"; path = "Vendor/fonts/KaTeX_Caligraphic-Regular.woff"; sourceTree = "<group>"; };
		8EA2EEFA1C07ADA9B4FCB1A2 /* KaTeX_SansSerif-Regular.woff2 */ = {isa = PBXFileReference; includeInIndex = 1; name = "KaTeX_SansSerif-Regular.woff2"; path = "Vendor/fonts/KaTeX_SansSerif-Regular.woff2"; sourceTree = "<group>"; };
		91D9D702847A7DB3C6EF779B /* mermaid.min.js */ = {isa = PBXFileReference; includeInIndex = 1; name = mermaid.min.js; path = Vendor/js/mermaid.min.js; sourceTree = "<group>"; };
		923B4AC8F2FF90E90A8B915D /* KaTeX_Size3-Regular.woff */ = {isa = PBXFileReference; includeInIndex = 1; name = "KaTeX_Size3-Regular.woff"; path = "Vendor/fonts/KaTeX_Size3-Regular.woff"; sourceTree = "<group>"; };
		93638FCBB921B46E934A9F5A /* KaTeX_Math-BoldItalic.woff2 */ = {isa = PBXFileReference; includeInIndex = 1; name = "KaTeX_Math-BoldItalic.woff2"; path = "Vendor/fonts/KaTeX_Math-BoldItalic.woff2"; sourceTree = "<group>"; };
		93C97B7FBA20E6BF9B3F7A9C /* KaTeX_SansSerif-Bold.woff */ = {isa = PBXFileReference; includeInIndex = 1; name = "KaTeX_SansSerif-Bold.woff"; path = "Vendor/fonts/KaTeX_SansSerif-Bold.woff"; sourceTree = "<group>"; };
		975384232C04A0CC3BC3FEB2 /* KaTeX_Typewriter-Regular.woff */ = {isa = PBXFileReference; includeInIndex = 1; name = "KaTeX_Typewriter-Regular.woff"; path = "Vendor/fonts/KaTeX_Typewriter-Regular.woff"; sourceTree = "<group>"; };
		9CBFE885C9D4EED8D96121A8 /* KaTeX_SansSerif-Italic.ttf */ = {isa = PBXFileReference; includeInIndex = 1; name = "KaTeX_SansSerif-Italic.ttf"; path = "Vendor/fonts/KaTeX_SansSerif-Italic.ttf"; sourceTree = "<group>"; };
		9E24E503D5E2E45D73C621D8 /* KaTeX_Typewriter-Regular.ttf */ = {isa = PBXFileReference; includeInIndex = 1; name = "KaTeX_Typewriter-Regular.ttf"; path = "Vendor/fonts/KaTeX_Typewriter-Regular.ttf"; sourceTree = "<group>"; };
		9F5FBF1EB480DF336ECD037A /* KaTeX_SansSerif-Bold.ttf */ = {isa = PBXFileReference; includeInIndex = 1; name = "KaTeX_SansSerif-Bold.ttf"; path = "Vendor/fonts/KaTeX_SansSerif-Bold.ttf"; sourceTree = "<group>"; };
		A171FDD22D0B65913578C685 /* markdown-it-task-lists.min.js */ = {isa = PBXFileReference; includeInIndex = 1; name = "markdown-it-task-lists.min.js"; path = "Vendor/js/markdown-it-task-lists.min.js"; sourceTree = "<group>"; };
		A75C4BBE9BB52A0E73E5B1CA /* KaTeX_Caligraphic-Regular.woff2 */ = {isa = PBXFileReference; includeInIndex = 1; name = "KaTeX_Caligraphic-Regular.woff2"; path = "Vendor/fonts/KaTeX_Caligraphic-Regular.woff2"; sourceTree = "<group>"; };
		A8B91ED4FFCB3039F7DDD9A9 /* KaTeX_Fraktur-Bold.ttf */ = {isa = PBXFileReference; includeInIndex = 1; name = "KaTeX_Fraktur-Bold.ttf"; path = "Vendor/fonts/KaTeX_Fraktur-Bold.ttf"; sourceTree = "<group>"; };
		AA40D3C79766E777C1493128 /* KaTeX_Size2-Regular.ttf */ = {isa = PBXFileReference; includeInIndex = 1; name = "KaTeX_Size2-Regular.ttf"; path = "Vendor/fonts/KaTeX_Size2-Regular.ttf"; sourceTree = "<group>"; };
		B34DBFE5AE2ED78E3BC86AD0 /* katex.min.css */ = {isa = PBXFileReference; includeInIndex = 1; name = katex.min.css; path = Vendor/css/katex.min.css; sourceTree = "<group>"; };
		B5F2F503F01943F21F9654C6 /* KaTeX_Caligraphic-Bold.woff */ = {isa = PBXFileReference; includeInIndex = 1; name = "KaTeX_Caligraphic-Bold.woff"; path = "Vendor/fonts/KaTeX_Caligraphic-Bold.woff"; sourceTree = "<group>"; };
		BBB44D526ABDCE9035149748 /* KaTeX_Math-Italic.woff2 */ = {isa = PBXFileReference; includeInIndex = 1; name = "KaTeX_Math-Italic.woff2"; path = "Vendor/fonts/KaTeX_Math-Italic.woff2"; sourceTree = "<group>"; };
		BD9996403F8B47A5ED513FE7 /* VendorAssetLoader.swift */ = {isa = PBXFileReference; includeInIndex = 1; lastKnownFileType = sourcecode.swift; path = VendorAssetLoader.swift; sourceTree = "<group>"; };
		C20102D711E172DD9FC493AB /* katex-auto-render.min.js */ = {isa = PBXFileReference; includeInIndex = 1; name = "katex-auto-render.min.js"; path = "Vendor/js/katex-auto-render.min.js"; sourceTree = "<group>"; };
		C3CB752B61FAA5265B37D9D0 /* KaTeX_Size3-Regular.woff2 */ = {isa = PBXFileReference; includeInIndex = 1; name = "KaTeX_Size3-Regular.woff2"; path = "Vendor/fonts/KaTeX_Size3-Regular.woff2"; sourceTree = "<group>"; };
		C405FAD18FD495016FA416D7 /* markdown-it-footnote.min.js */ = {isa = PBXFileReference; includeInIndex = 1; name = "markdown-it-footnote.min.js"; path = "Vendor/js/markdown-it-footnote.min.js"; sourceTree = "<group>"; };
		C68939BBD0FFCB9FE9821D42 /* KaTeX_Main-Regular.woff2 */ = {isa = PBXFileReference; includeInIndex = 1; name = "KaTeX_Main-Regular.woff2"; path = "Vendor/fonts/KaTeX_Main-Regular.woff2"; sourceTree = "<group>"; };
		C6CC9796A635D5E018F30A7E /* KaTeX_Size4-Regular.woff */ = {isa = PBXFileReference; includeInIndex = 1; name = "KaTeX_Size4-Regular.woff"; path = "Vendor/fonts/KaTeX_Size4-Regular.woff"; sourceTree = "<group>"; };
		C85746C4D8DB5858408E0896 /* KaTeX_Size1-Regular.ttf */ = {isa = PBXFileReference; includeInIndex = 1; name = "KaTeX_Size1-Regular.ttf"; path = "Vendor/fonts/KaTeX_Size1-Regular.ttf"; sourceTree = "<group>"; };
		CED17E8E16A229DB64F74EC0 /* KaTeX_Size2-Regular.woff2 */ = {isa = PBXFileReference; includeInIndex = 1; name = "KaTeX_Size2-Regular.woff2"; path = "Vendor/fonts/KaTeX_Size2-Regular.woff2"; sourceTree = "<group>"; };
		CED4BF7B09A8CFA7A73DE791 /* KaTeX_Fraktur-Regular.ttf */ = {isa = PBXFileReference; includeInIndex = 1; name = "KaTeX_Fraktur-Regular.ttf"; path = "Vendor/fonts/KaTeX_Fraktur-Regular.ttf"; sourceTree = "<group>"; };
		D35C606E5A90C0CF2FCDB721 /* KaTeX_Main-Regular.ttf */ = {isa = PBXFileReference; includeInIndex = 1; name = "KaTeX_Main-Regular.ttf"; path = "Vendor/fonts/KaTeX_Main-Regular.ttf"; sourceTree = "<group>"; };
		D7EC5057E477DB223CDF59B8 /* KaTeX_Main-Italic.woff */ = {isa = PBXFileReference; includeInIndex = 1; name = "KaTeX_Main-Italic.woff"; path = "Vendor/fonts/KaTeX_Main-Italic.woff"; sourceTree = "<group>"; };
		DA45272C8DA5ECE172F12842 /* FastMDApp.swift */ = {isa = PBXFileReference; includeInIndex = 1; lastKnownFileType = sourcecode.swift; path = FastMDApp.swift; sourceTree = "<group>"; };
		DC4AC1F3558A2EC073E03F19 /* KaTeX_Main-BoldItalic.woff */ = {isa = PBXFileReference; includeInIndex = 1; name = "KaTeX_Main-BoldItalic.woff"; path = "Vendor/fonts/KaTeX_Main-BoldItalic.woff"; sourceTree = "<group>"; };
		DDFABB527D05796CF463278F /* FastMD.app */ = {isa = PBXFileReference; explicitFileType = wrapper.application; includeInIndex = 0; path = FastMD.app; sourceTree = BUILT_PRODUCTS_DIR; };
		E705C70BF8D0EB568F201B2B /* FinderHoverCoordinator.swift */ = {isa = PBXFileReference; includeInIndex = 1; lastKnownFileType = sourcecode.swift; path = FinderHoverCoordinator.swift; sourceTree = "<group>"; };
		EFECB41426BE00E6DAA87C93 /* markdown-it.min.js */ = {isa = PBXFileReference; includeInIndex = 1; name = "markdown-it.min.js"; path = "Vendor/js/markdown-it.min.js"; sourceTree = "<group>"; };
		F15A43DB11CB9877BE19C712 /* KaTeX_Script-Regular.woff2 */ = {isa = PBXFileReference; includeInIndex = 1; name = "KaTeX_Script-Regular.woff2"; path = "Vendor/fonts/KaTeX_Script-Regular.woff2"; sourceTree = "<group>"; };
		FC064549C9EC10BC395DD220 /* PreviewPanelController.swift */ = {isa = PBXFileReference; includeInIndex = 1; lastKnownFileType = sourcecode.swift; path = PreviewPanelController.swift; sourceTree = "<group>"; };
/* End PBXFileReference section */

/* Begin PBXFrameworksBuildPhase section */
		D27CA421D6B9BFA7EF9621C6 /* Frameworks */ = {
			isa = PBXFrameworksBuildPhase;
			buildActionMask = 2147483647;
			files = (
				59295330BB804817893CA7EA /* Cocoa.framework in Frameworks */,
			);
			runOnlyForDeploymentPostprocessing = 0;
		};
		EE82ED662AA0DF207BA92AA2 /* Frameworks */ = {
			isa = PBXFrameworksBuildPhase;
			buildActionMask = 2147483647;
			files = (
				725D89561E330AB7600B52A6 /* Cocoa.framework in Frameworks */,
			);
			runOnlyForDeploymentPostprocessing = 0;
		};
/* End PBXFrameworksBuildPhase section */

/* Begin PBXGroup section */
		06E5CFEFF6C4A3B63D952DD7 /* Resources */ = {
			isa = PBXGroup;
			children = (
				3EFA3E9FEA73E56F7DC76F5E /* highlight.github.min.css */,
				B34DBFE5AE2ED78E3BC86AD0 /* katex.min.css */,
				2313F21B7464276BAA6625CF /* highlight.common.min.js */,
				C20102D711E172DD9FC493AB /* katex-auto-render.min.js */,
				7AE2C8C4E195FCB9C50A6F81 /* katex.min.js */,
				C405FAD18FD495016FA416D7 /* markdown-it-footnote.min.js */,
				A171FDD22D0B65913578C685 /* markdown-it-task-lists.min.js */,
				EFECB41426BE00E6DAA87C93 /* markdown-it.min.js */,
				91D9D702847A7DB3C6EF779B /* mermaid.min.js */,
				06267DA56DAF176146D41E13 /* KaTeX_AMS-Regular.ttf */,
				648E6B0096E1EA9CBFCF368A /* KaTeX_Caligraphic-Bold.ttf */,
				0523CFC8F19AF88C1A46AA40 /* KaTeX_Caligraphic-Regular.ttf */,
				A8B91ED4FFCB3039F7DDD9A9 /* KaTeX_Fraktur-Bold.ttf */,
				CED4BF7B09A8CFA7A73DE791 /* KaTeX_Fraktur-Regular.ttf */,
				20CDA1E344C90F84CE5BD503 /* KaTeX_Main-Bold.ttf */,
				671253F7D2F217FEC206A832 /* KaTeX_Main-BoldItalic.ttf */,
				863FF30533112EA038B08B1C /* KaTeX_Main-Italic.ttf */,
				D35C606E5A90C0CF2FCDB721 /* KaTeX_Main-Regular.ttf */,
				3983AB94FE298F3251E2F130 /* KaTeX_Math-BoldItalic.ttf */,
				304166C3919F99E27F21B7D2 /* KaTeX_Math-Italic.ttf */,
				9F5FBF1EB480DF336ECD037A /* KaTeX_SansSerif-Bold.ttf */,
				9CBFE885C9D4EED8D96121A8 /* KaTeX_SansSerif-Italic.ttf */,
				3F0E8C5040A3F22AAD01F26B /* KaTeX_SansSerif-Regular.ttf */,
				27FC978B81A698DAF46A748A /* KaTeX_Script-Regular.ttf */,
				C85746C4D8DB5858408E0896 /* KaTeX_Size1-Regular.ttf */,
				AA40D3C79766E777C1493128 /* KaTeX_Size2-Regular.ttf */,
				57E62B37429796DF1AB43EAD /* KaTeX_Size3-Regular.ttf */,
				20FB723D7D4972A7D0665E6A /* KaTeX_Size4-Regular.ttf */,
				9E24E503D5E2E45D73C621D8 /* KaTeX_Typewriter-Regular.ttf */,
				078D436B7FB9739C38E082EF /* KaTeX_AMS-Regular.woff */,
				B5F2F503F01943F21F9654C6 /* KaTeX_Caligraphic-Bold.woff */,
				8792150FA6D83DA4045855D6 /* KaTeX_Caligraphic-Regular.woff */,
				2DFDA95F0B7D444F894BFAF4 /* KaTeX_Fraktur-Bold.woff */,
				3197642EE4E732635ABF99DE /* KaTeX_Fraktur-Regular.woff */,
				0E98B521264A4808F2D023F4 /* KaTeX_Main-Bold.woff */,
				DC4AC1F3558A2EC073E03F19 /* KaTeX_Main-BoldItalic.woff */,
				D7EC5057E477DB223CDF59B8 /* KaTeX_Main-Italic.woff */,
				66357A76607E119CEB63DEDB /* KaTeX_Main-Regular.woff */,
				0C413122E042250030A3480C /* KaTeX_Math-BoldItalic.woff */,
				0DD2269EFF90C02674827067 /* KaTeX_Math-Italic.woff */,
				93C97B7FBA20E6BF9B3F7A9C /* KaTeX_SansSerif-Bold.woff */,
				863939C30B345E8684166FD8 /* KaTeX_SansSerif-Italic.woff */,
				0C5226F7409292CBC0650C02 /* KaTeX_SansSerif-Regular.woff */,
				47B87FF2F5868148B456BD4F /* KaTeX_Script-Regular.woff */,
				421721ED4EB64C1D44F5EBF7 /* KaTeX_Size1-Regular.woff */,
				76745B0535EACD616ED178B8 /* KaTeX_Size2-Regular.woff */,
				923B4AC8F2FF90E90A8B915D /* KaTeX_Size3-Regular.woff */,
				C6CC9796A635D5E018F30A7E /* KaTeX_Size4-Regular.woff */,
				975384232C04A0CC3BC3FEB2 /* KaTeX_Typewriter-Regular.woff */,
				773BE2D76AD988EF95064CA6 /* KaTeX_AMS-Regular.woff2 */,
				3443092C097C964205533160 /* KaTeX_Caligraphic-Bold.woff2 */,
				A75C4BBE9BB52A0E73E5B1CA /* KaTeX_Caligraphic-Regular.woff2 */,
				134E235D8ED7372CCCC02E1C /* KaTeX_Fraktur-Bold.woff2 */,
				31B3917CA62F992F037C79E2 /* KaTeX_Fraktur-Regular.woff2 */,
				3EEC1CD2AFB8151FF496E3A5 /* KaTeX_Main-Bold.woff2 */,
				3CCAF02A94702314C31E78F1 /* KaTeX_Main-BoldItalic.woff2 */,
				34C9E2670B874CCF7B91E34D /* KaTeX_Main-Italic.woff2 */,
				C68939BBD0FFCB9FE9821D42 /* KaTeX_Main-Regular.woff2 */,
				93638FCBB921B46E934A9F5A /* KaTeX_Math-BoldItalic.woff2 */,
				BBB44D526ABDCE9035149748 /* KaTeX_Math-Italic.woff2 */,
				0C71282AF0ABCCB8DE40BB56 /* KaTeX_SansSerif-Bold.woff2 */,
				735E3FDEFB8547DC11F26D11 /* KaTeX_SansSerif-Italic.woff2 */,
				8EA2EEFA1C07ADA9B4FCB1A2 /* KaTeX_SansSerif-Regular.woff2 */,
				F15A43DB11CB9877BE19C712 /* KaTeX_Script-Regular.woff2 */,
				66A0DBC9F6D408E424834EA0 /* KaTeX_Size1-Regular.woff2 */,
				CED17E8E16A229DB64F74EC0 /* KaTeX_Size2-Regular.woff2 */,
				C3CB752B61FAA5265B37D9D0 /* KaTeX_Size3-Regular.woff2 */,
				50B54D8EECDE6995FDFC67F1 /* KaTeX_Size4-Regular.woff2 */,
				762D57744134A72599933D4D /* KaTeX_Typewriter-Regular.woff2 */,
			);
			name = Resources;
			path = Resources;
			sourceTree = "<group>";
		};
		15E601BB5C449FE952F7B154 /* FastMDTests */ = {
			isa = PBXGroup;
			children = (
				1487C6C23FD89F226A22898F /* FastMDTests.swift */,
			);
			name = FastMDTests;
			path = FastMDTests;
			sourceTree = "<group>";
		};
		584ED63B3FDA0611DCDF7321 /* Sources */ = {
			isa = PBXGroup;
			children = (
				FCD6283F434A093A59AF6B06 /* FastMD */,
			);
			name = Sources;
			path = Sources;
			sourceTree = "<group>";
		};
		789F6023E1AC394C79D62567 /* OS X */ = {
			isa = PBXGroup;
			children = (
				5156C968637F00C383ADCCF7 /* Cocoa.framework */,
			);
			name = "OS X";
			sourceTree = "<group>";
		};
		908671722B7498467F9B4966 /* Frameworks */ = {
			isa = PBXGroup;
			children = (
				789F6023E1AC394C79D62567 /* OS X */,
			);
			name = Frameworks;
			sourceTree = "<group>";
		};
		99CEC2782E32E133984F01CF /* Tests */ = {
			isa = PBXGroup;
			children = (
				15E601BB5C449FE952F7B154 /* FastMDTests */,
			);
			name = Tests;
			path = Tests;
			sourceTree = "<group>";
		};
		9D07DE48B41F100D02CE1AB2 /* Products */ = {
			isa = PBXGroup;
			children = (
				DDFABB527D05796CF463278F /* FastMD.app */,
				0A7E5DB27C125F3DBAFAF666 /* FastMDTests.xctest */,
			);
			name = Products;
			sourceTree = "<group>";
		};
		FCD6283F434A093A59AF6B06 /* FastMD */ = {
			isa = PBXGroup;
			children = (
				06E5CFEFF6C4A3B63D952DD7 /* Resources */,
				2905E2137D30BEEE8441CAB1 /* AccessibilityPermissionManager.swift */,
				14F0C4920486D5F540494E20 /* AppDelegate.swift */,
				DA45272C8DA5ECE172F12842 /* FastMDApp.swift */,
				E705C70BF8D0EB568F201B2B /* FinderHoverCoordinator.swift */,
				120971C81D174461815F6BA0 /* FinderItemResolver.swift */,
				01D967E40E949D1DA80628D3 /* FinderSelectionResolver.swift */,
				5729541D1697E46B2E4A4EC3 /* HoverMonitorService.swift */,
				2CFC2F7757A610C0E32BE70B /* MarkdownRenderer.swift */,
				FC064549C9EC10BC395DD220 /* PreviewPanelController.swift */,
				44993036002D40CB653C28F7 /* RuntimeLogger.swift */,
				BD9996403F8B47A5ED513FE7 /* VendorAssetLoader.swift */,
			);
			name = FastMD;
			path = FastMD;
			sourceTree = "<group>";
		};
		FE5741930BBA71CE667A8FBF = {
			isa = PBXGroup;
			children = (
				908671722B7498467F9B4966 /* Frameworks */,
				9D07DE48B41F100D02CE1AB2 /* Products */,
				584ED63B3FDA0611DCDF7321 /* Sources */,
				99CEC2782E32E133984F01CF /* Tests */,
			);
			sourceTree = "<group>";
		};
/* End PBXGroup section */

/* Begin PBXNativeTarget section */
		9E8030F6741DF948F9E69884 /* FastMD */ = {
			isa = PBXNativeTarget;
			buildConfigurationList = 480DF99DF02D4339B93B4A1C /* Build configuration list for PBXNativeTarget "FastMD" */;
			buildPhases = (
				6BAA3AA9533317E56A7C6FC6 /* Sources */,
				D27CA421D6B9BFA7EF9621C6 /* Frameworks */,
				326CF6029AEECB5D301C1571 /* Resources */,
			);
			buildRules = (
			);
			dependencies = (
			);
			name = FastMD;
			productName = FastMD;
			productReference = DDFABB527D05796CF463278F /* FastMD.app */;
			productType = "com.apple.product-type.application";
		};
		A1A764CFB3BB5A6823F6B483 /* FastMDTests */ = {
			isa = PBXNativeTarget;
			buildConfigurationList = 43B010B255A55873C4DBAD00 /* Build configuration list for PBXNativeTarget "FastMDTests" */;
			buildPhases = (
				11CC7772FAA868FF8416E78D /* Sources */,
				EE82ED662AA0DF207BA92AA2 /* Frameworks */,
				5CEC197509A369056F6F96C8 /* Resources */,
			);
			buildRules = (
			);
			dependencies = (
				730BC95EACD2FC0F9EDB0F77 /* PBXTargetDependency */,
			);
			name = FastMDTests;
			productName = FastMDTests;
			productReference = 0A7E5DB27C125F3DBAFAF666 /* FastMDTests.xctest */;
			productType = "com.apple.product-type.bundle.unit-test";
		};
/* End PBXNativeTarget section */

/* Begin PBXProject section */
		ED75B21F09A0A32D481C6A41 /* Project object */ = {
			isa = PBXProject;
			attributes = {
				LastSwiftUpdateCheck = 2640;
				LastUpgradeCheck = 2640;
				ORGANIZATIONNAME = wangweiyang;
			};
			buildConfigurationList = DC7F5880E1A1E5ED706F4E7F /* Build configuration list for PBXProject "FastMD" */;
			compatibilityVersion = "Xcode 3.2";
			developmentRegion = en;
			hasScannedForEncodings = 0;
			knownRegions = (
				en,
				Base,
			);
			mainGroup = FE5741930BBA71CE667A8FBF;
			minimizedProjectReferenceProxies = 0;
			preferredProjectObjectVersion = 77;
			productRefGroup = 9D07DE48B41F100D02CE1AB2 /* Products */;
			projectDirPath = "";
			projectRoot = "";
			targets = (
				9E8030F6741DF948F9E69884 /* FastMD */,
				A1A764CFB3BB5A6823F6B483 /* FastMDTests */,
			);
		};
/* End PBXProject section */

/* Begin PBXResourcesBuildPhase section */
		326CF6029AEECB5D301C1571 /* Resources */ = {
			isa = PBXResourcesBuildPhase;
			buildActionMask = 2147483647;
			files = (
				F300F6ED42D333AFBB76EDA7 /* highlight.github.min.css in Resources */,
				E683955CDB482105AA72DF7E /* katex.min.css in Resources */,
				A600999C61E64444D07149D4 /* KaTeX_AMS-Regular.ttf in Resources */,
				01A467A09806F0D6EA38D62B /* KaTeX_AMS-Regular.woff in Resources */,
				1B463BF29C221CF9AF1592A9 /* KaTeX_AMS-Regular.woff2 in Resources */,
				B1384AD6FD4F0A27F27AEB0F /* KaTeX_Caligraphic-Bold.ttf in Resources */,
				FED64A298B365BBC1B863405 /* KaTeX_Caligraphic-Bold.woff in Resources */,
				89CECCA24D026E3D1FA865C7 /* KaTeX_Caligraphic-Bold.woff2 in Resources */,
				FCB098168828600E2C204816 /* KaTeX_Caligraphic-Regular.ttf in Resources */,
				69AFDBC62BFA7A06A9044D62 /* KaTeX_Caligraphic-Regular.woff in Resources */,
				75763B3047A5F2B915BE3B42 /* KaTeX_Caligraphic-Regular.woff2 in Resources */,
				2D4426913E3CC469A568C312 /* KaTeX_Fraktur-Bold.ttf in Resources */,
				EEACCE57070F1426502986BB /* KaTeX_Fraktur-Bold.woff in Resources */,
				7B0AFBA9FD9978782A5A139C /* KaTeX_Fraktur-Bold.woff2 in Resources */,
				D30258D67973DC21AC650E45 /* KaTeX_Fraktur-Regular.ttf in Resources */,
				80284F9AE5D7402B6035B398 /* KaTeX_Fraktur-Regular.woff in Resources */,
				FE8CC69BBF525BC965C9BADB /* KaTeX_Fraktur-Regular.woff2 in Resources */,
				F3E4A15986F6B1249D89CE5B /* KaTeX_Main-Bold.ttf in Resources */,
				5BBBE07A1AEFD19ECDEF9F72 /* KaTeX_Main-Bold.woff in Resources */,
				0FDFA7A72331D158B470E004 /* KaTeX_Main-Bold.woff2 in Resources */,
				9B25A0CDD08BB1790AC954B2 /* KaTeX_Main-BoldItalic.ttf in Resources */,
				CD9170C66DB26FB48ACA135F /* KaTeX_Main-BoldItalic.woff in Resources */,
				4541437C2ACD0EEA975874BD /* KaTeX_Main-BoldItalic.woff2 in Resources */,
				410DACB9CE2E7DB023924AAB /* KaTeX_Main-Italic.ttf in Resources */,
				49982E8DE62FFE0C9B69E03C /* KaTeX_Main-Italic.woff in Resources */,
				FD805B5684A488D3607EA58A /* KaTeX_Main-Italic.woff2 in Resources */,
				6374A1C418B77B8CCAA96673 /* KaTeX_Main-Regular.ttf in Resources */,
				469706E7D803DE50DB5B625F /* KaTeX_Main-Regular.woff in Resources */,
				8A5435607C4DEBACD50BB455 /* KaTeX_Main-Regular.woff2 in Resources */,
				86776AC7C9DB53682862CAE7 /* KaTeX_Math-BoldItalic.ttf in Resources */,
				0044A0936AD9AD41B9099D96 /* KaTeX_Math-BoldItalic.woff in Resources */,
				DD810E01430295CACDD523E8 /* KaTeX_Math-BoldItalic.woff2 in Resources */,
				C3862C847886E9C4DFDF57E1 /* KaTeX_Math-Italic.ttf in Resources */,
				E5BEA3E5F82C59A33E37C066 /* KaTeX_Math-Italic.woff in Resources */,
				837258282EE3642A7EC70DB4 /* KaTeX_Math-Italic.woff2 in Resources */,
				0A11AE5E24F5213333FB4A64 /* KaTeX_SansSerif-Bold.ttf in Resources */,
				A4F9929B3034F8CB92441B52 /* KaTeX_SansSerif-Bold.woff in Resources */,
				89BBAD510A1C4E6F061F9D89 /* KaTeX_SansSerif-Bold.woff2 in Resources */,
				9A9ADCCDECD2E138D0B2779C /* KaTeX_SansSerif-Italic.ttf in Resources */,
				DF4160129C67603BA4E2E6B7 /* KaTeX_SansSerif-Italic.woff in Resources */,
				AB78CE538A7EA04D1BA597EB /* KaTeX_SansSerif-Italic.woff2 in Resources */,
				37C93BC79039DDA80A735B2A /* KaTeX_SansSerif-Regular.ttf in Resources */,
				8E0294ED6F6E6EA71C0777AB /* KaTeX_SansSerif-Regular.woff in Resources */,
				8F6A81A2F83BCB1DFCFDB699 /* KaTeX_SansSerif-Regular.woff2 in Resources */,
				6A7ED13AC53D887386472130 /* KaTeX_Script-Regular.ttf in Resources */,
				F307E83577632663EF68513B /* KaTeX_Script-Regular.woff in Resources */,
				C6FC62BE0294FACC70D16081 /* KaTeX_Script-Regular.woff2 in Resources */,
				957A7800EC15308C92887469 /* KaTeX_Size1-Regular.ttf in Resources */,
				BB69D4AE3860A5E93014F6A9 /* KaTeX_Size1-Regular.woff in Resources */,
				19EEF35F6FCBF0BF1DA850AE /* KaTeX_Size1-Regular.woff2 in Resources */,
				4B8C051E12556640559A8853 /* KaTeX_Size2-Regular.ttf in Resources */,
				CA44FA9191742CACE6B17074 /* KaTeX_Size2-Regular.woff in Resources */,
				83D43C9E7EF98E2449C7D4BB /* KaTeX_Size2-Regular.woff2 in Resources */,
				614134D4BA2DD148D24C3C75 /* KaTeX_Size3-Regular.ttf in Resources */,
				AA43A19AD5324B5107B01F03 /* KaTeX_Size3-Regular.woff in Resources */,
				2056A01882E754A07393DB01 /* KaTeX_Size3-Regular.woff2 in Resources */,
				468203C45B5F66293325DB20 /* KaTeX_Size4-Regular.ttf in Resources */,
				2B63A1F31B7251BD011C2560 /* KaTeX_Size4-Regular.woff in Resources */,
				763774C16268256CB78AADDB /* KaTeX_Size4-Regular.woff2 in Resources */,
				7A1DF4C70442D8C1745659C1 /* KaTeX_Typewriter-Regular.ttf in Resources */,
				98D11753E1FD1E86EB539C72 /* KaTeX_Typewriter-Regular.woff in Resources */,
				8CAED59279FC8962F8930608 /* KaTeX_Typewriter-Regular.woff2 in Resources */,
				5F48E4309D47F9CA4F4A288E /* highlight.common.min.js in Resources */,
				5E0F757230910FBCFCB478A3 /* katex-auto-render.min.js in Resources */,
				454732A831832E100D7C00C9 /* katex.min.js in Resources */,
				8D33D82E2C4BFD028E11602F /* markdown-it-footnote.min.js in Resources */,
				06DECA34466BD2B7A9A759EC /* markdown-it-task-lists.min.js in Resources */,
				22B7A6A50AB31361D45E70D0 /* markdown-it.min.js in Resources */,
				E4D55952D9B74AD306C4D2D1 /* mermaid.min.js in Resources */,
			);
			runOnlyForDeploymentPostprocessing = 0;
		};
		5CEC197509A369056F6F96C8 /* Resources */ = {
			isa = PBXResourcesBuildPhase;
			buildActionMask = 2147483647;
			files = (
			);
			runOnlyForDeploymentPostprocessing = 0;
		};
/* End PBXResourcesBuildPhase section */

/* Begin PBXSourcesBuildPhase section */
		11CC7772FAA868FF8416E78D /* Sources */ = {
			isa = PBXSourcesBuildPhase;
			buildActionMask = 2147483647;
			files = (
				B89D733597FEBA5C976532B0 /* FastMDTests.swift in Sources */,
			);
			runOnlyForDeploymentPostprocessing = 0;
		};
		6BAA3AA9533317E56A7C6FC6 /* Sources */ = {
			isa = PBXSourcesBuildPhase;
			buildActionMask = 2147483647;
			files = (
				CECCDD78F7E113D45D59B680 /* AccessibilityPermissionManager.swift in Sources */,
				5ABEF3666B1B1DE96941675D /* AppDelegate.swift in Sources */,
				4EFAE189DD85B1D8E7496A28 /* FastMDApp.swift in Sources */,
				78D78460DBB522C8390A21D1 /* FinderHoverCoordinator.swift in Sources */,
				2981DFCBE55380893D7DE064 /* FinderItemResolver.swift in Sources */,
				A82EF6D309EE966116917D2C /* FinderSelectionResolver.swift in Sources */,
				0EB710A424D92E3C21EFF3A4 /* HoverMonitorService.swift in Sources */,
				BD2B24481F176DE1F09507B9 /* MarkdownRenderer.swift in Sources */,
				DC517BB3DC9265310BA0FB1C /* PreviewPanelController.swift in Sources */,
				982024FC1B92CA53FA8E1AEC /* RuntimeLogger.swift in Sources */,
				D0F7092B433DCF2EE293CE40 /* VendorAssetLoader.swift in Sources */,
			);
			runOnlyForDeploymentPostprocessing = 0;
		};
/* End PBXSourcesBuildPhase section */

/* Begin PBXTargetDependency section */
		730BC95EACD2FC0F9EDB0F77 /* PBXTargetDependency */ = {
			isa = PBXTargetDependency;
			name = FastMD;
			target = 9E8030F6741DF948F9E69884 /* FastMD */;
			targetProxy = 199A86D3848E45375705A3FE /* PBXContainerItemProxy */;
		};
/* End PBXTargetDependency section */

/* Begin XCBuildConfiguration section */
		44013C28244E4E35C1900DBB /* Release */ = {
			isa = XCBuildConfiguration;
			buildSettings = {
				BUNDLE_LOADER = "$(TEST_HOST)";
				CODE_SIGNING_ALLOWED = NO;
				CODE_SIGNING_REQUIRED = NO;
				CODE_SIGN_IDENTITY = "";
				GENERATE_INFOPLIST_FILE = YES;
				MACOSX_DEPLOYMENT_TARGET = 14.0;
				PRODUCT_BUNDLE_IDENTIFIER = com.wangweiyang.FastMDTests;
				PRODUCT_NAME = "$(TARGET_NAME)";
				SDKROOT = macosx;
				SWIFT_VERSION = 6.0;
				TEST_HOST = "$(BUILT_PRODUCTS_DIR)/FastMD.app/Contents/MacOS/FastMD";
			};
			name = Release;
		};
		5F006C3DDF36B2E50BA89192 /* Release */ = {
			isa = XCBuildConfiguration;
			buildSettings = {
				ASSETCATALOG_COMPILER_APPICON_NAME = AppIcon;
				ASSETCATALOG_COMPILER_GLOBAL_ACCENT_COLOR_NAME = AccentColor;
				CODE_SIGNING_ALLOWED = NO;
				CODE_SIGNING_REQUIRED = NO;
				CODE_SIGN_IDENTITY = "";
				COMBINE_HIDPI_IMAGES = YES;
				CURRENT_PROJECT_VERSION = 1;
				GENERATE_INFOPLIST_FILE = YES;
				INFOPLIST_KEY_CFBundleDisplayName = FastMD;
				INFOPLIST_KEY_LSApplicationCategoryType = "public.app-category.productivity";
				INFOPLIST_KEY_LSUIElement = YES;
				INFOPLIST_KEY_NSAppleEventsUsageDescription = "FastMD needs Finder automation to resolve hovered Markdown file paths.";
				LD_RUNPATH_SEARCH_PATHS = "$(inherited) @executable_path/../Frameworks";
				MACOSX_DEPLOYMENT_TARGET = 14.0;
				MARKETING_VERSION = 0.1.0;
				PRODUCT_BUNDLE_IDENTIFIER = com.wangweiyang.FastMD;
				PRODUCT_NAME = "$(TARGET_NAME)";
				SDKROOT = macosx;
				SWIFT_EMIT_LOC_STRINGS = NO;
				SWIFT_VERSION = 6.0;
			};
			name = Release;
		};
		6231D16C4AABCF08902B68D0 /* Debug */ = {
			isa = XCBuildConfiguration;
			buildSettings = {
				ALWAYS_SEARCH_USER_PATHS = NO;
				CLANG_ANALYZER_NONNULL = YES;
				CLANG_ANALYZER_NUMBER_OBJECT_CONVERSION = YES_AGGRESSIVE;
				CLANG_CXX_LANGUAGE_STANDARD = "gnu++14";
				CLANG_CXX_LIBRARY = "libc++";
				CLANG_ENABLE_MODULES = YES;
				CLANG_ENABLE_OBJC_ARC = YES;
				CLANG_ENABLE_OBJC_WEAK = YES;
				CLANG_WARN_BLOCK_CAPTURE_AUTORELEASING = YES;
				CLANG_WARN_BOOL_CONVERSION = YES;
				CLANG_WARN_COMMA = YES;
				CLANG_WARN_CONSTANT_CONVERSION = YES;
				CLANG_WARN_DEPRECATED_OBJC_IMPLEMENTATIONS = YES;
				CLANG_WARN_DIRECT_OBJC_ISA_USAGE = YES_ERROR;
				CLANG_WARN_DOCUMENTATION_COMMENTS = YES;
				CLANG_WARN_EMPTY_BODY = YES;
				CLANG_WARN_ENUM_CONVERSION = YES;
				CLANG_WARN_INFINITE_RECURSION = YES;
				CLANG_WARN_INT_CONVERSION = YES;
				CLANG_WARN_NON_LITERAL_NULL_CONVERSION = YES;
				CLANG_WARN_OBJC_IMPLICIT_RETAIN_SELF = YES;
				CLANG_WARN_OBJC_LITERAL_CONVERSION = YES;
				CLANG_WARN_OBJC_ROOT_CLASS = YES_ERROR;
				CLANG_WARN_QUOTED_INCLUDE_IN_FRAMEWORK_HEADER = YES;
				CLANG_WARN_RANGE_LOOP_ANALYSIS = YES;
				CLANG_WARN_STRICT_PROTOTYPES = YES;
				CLANG_WARN_SUSPICIOUS_MOVE = YES;
				CLANG_WARN_UNGUARDED_AVAILABILITY = YES_AGGRESSIVE;
				CLANG_WARN_UNREACHABLE_CODE = YES;
				CLANG_WARN__DUPLICATE_METHOD_MATCH = YES;
				COPY_PHASE_STRIP = NO;
				DEBUG_INFORMATION_FORMAT = dwarf;
				ENABLE_STRICT_OBJC_MSGSEND = YES;
				ENABLE_TESTABILITY = YES;
				GCC_C_LANGUAGE_STANDARD = gnu11;
				GCC_DYNAMIC_NO_PIC = NO;
				GCC_NO_COMMON_BLOCKS = YES;
				GCC_OPTIMIZATION_LEVEL = 0;
				GCC_PREPROCESSOR_DEFINITIONS = (
					"DEBUG=1",
					"$(inherited)",
				);
				GCC_WARN_64_TO_32_BIT_CONVERSION = YES;
				GCC_WARN_ABOUT_RETURN_TYPE = YES_ERROR;
				GCC_WARN_UNDECLARED_SELECTOR = YES;
				GCC_WARN_UNINITIALIZED_AUTOS = YES_AGGRESSIVE;
				GCC_WARN_UNUSED_FUNCTION = YES;
				GCC_WARN_UNUSED_VARIABLE = YES;
				MACOSX_DEPLOYMENT_TARGET = 14.0;
				MTL_ENABLE_DEBUG_INFO = INCLUDE_SOURCE;
				MTL_FAST_MATH = YES;
				ONLY_ACTIVE_ARCH = YES;
				PRODUCT_NAME = "$(TARGET_NAME)";
				SDKROOT = macosx;
				SWIFT_ACTIVE_COMPILATION_CONDITIONS = DEBUG;
				SWIFT_OPTIMIZATION_LEVEL = "-Onone";
				SWIFT_VERSION = 6.0;
			};
			name = Debug;
		};
		6A78EA71F1D7599FB9C3C7EB /* Release */ = {
			isa = XCBuildConfiguration;
			buildSettings = {
				ALWAYS_SEARCH_USER_PATHS = NO;
				CLANG_ANALYZER_NONNULL = YES;
				CLANG_ANALYZER_NUMBER_OBJECT_CONVERSION = YES_AGGRESSIVE;
				CLANG_CXX_LANGUAGE_STANDARD = "gnu++14";
				CLANG_CXX_LIBRARY = "libc++";
				CLANG_ENABLE_MODULES = YES;
				CLANG_ENABLE_OBJC_ARC = YES;
				CLANG_ENABLE_OBJC_WEAK = YES;
				CLANG_WARN_BLOCK_CAPTURE_AUTORELEASING = YES;
				CLANG_WARN_BOOL_CONVERSION = YES;
				CLANG_WARN_COMMA = YES;
				CLANG_WARN_CONSTANT_CONVERSION = YES;
				CLANG_WARN_DEPRECATED_OBJC_IMPLEMENTATIONS = YES;
				CLANG_WARN_DIRECT_OBJC_ISA_USAGE = YES_ERROR;
				CLANG_WARN_DOCUMENTATION_COMMENTS = YES;
				CLANG_WARN_EMPTY_BODY = YES;
				CLANG_WARN_ENUM_CONVERSION = YES;
				CLANG_WARN_INFINITE_RECURSION = YES;
				CLANG_WARN_INT_CONVERSION = YES;
				CLANG_WARN_NON_LITERAL_NULL_CONVERSION = YES;
				CLANG_WARN_OBJC_IMPLICIT_RETAIN_SELF = YES;
				CLANG_WARN_OBJC_LITERAL_CONVERSION = YES;
				CLANG_WARN_OBJC_ROOT_CLASS = YES_ERROR;
				CLANG_WARN_QUOTED_INCLUDE_IN_FRAMEWORK_HEADER = YES;
				CLANG_WARN_RANGE_LOOP_ANALYSIS = YES;
				CLANG_WARN_STRICT_PROTOTYPES = YES;
				CLANG_WARN_SUSPICIOUS_MOVE = YES;
				CLANG_WARN_UNGUARDED_AVAILABILITY = YES_AGGRESSIVE;
				CLANG_WARN_UNREACHABLE_CODE = YES;
				CLANG_WARN__DUPLICATE_METHOD_MATCH = YES;
				COPY_PHASE_STRIP = NO;
				DEBUG_INFORMATION_FORMAT = "dwarf-with-dsym";
				ENABLE_NS_ASSERTIONS = NO;
				ENABLE_STRICT_OBJC_MSGSEND = YES;
				GCC_C_LANGUAGE_STANDARD = gnu11;
				GCC_NO_COMMON_BLOCKS = YES;
				GCC_WARN_64_TO_32_BIT_CONVERSION = YES;
				GCC_WARN_ABOUT_RETURN_TYPE = YES_ERROR;
				GCC_WARN_UNDECLARED_SELECTOR = YES;
				GCC_WARN_UNINITIALIZED_AUTOS = YES_AGGRESSIVE;
				GCC_WARN_UNUSED_FUNCTION = YES;
				GCC_WARN_UNUSED_VARIABLE = YES;
				MACOSX_DEPLOYMENT_TARGET = 14.0;
				MTL_ENABLE_DEBUG_INFO = NO;
				MTL_FAST_MATH = YES;
				PRODUCT_NAME = "$(TARGET_NAME)";
				SDKROOT = macosx;
				SWIFT_COMPILATION_MODE = wholemodule;
				SWIFT_OPTIMIZATION_LEVEL = "-O";
				SWIFT_VERSION = 6.0;
			};
			name = Release;
		};
		96A3D1B604E3074922A63E43 /* Debug */ = {
			isa = XCBuildConfiguration;
			buildSettings = {
				ASSETCATALOG_COMPILER_APPICON_NAME = AppIcon;
				ASSETCATALOG_COMPILER_GLOBAL_ACCENT_COLOR_NAME = AccentColor;
				CODE_SIGNING_ALLOWED = NO;
				CODE_SIGNING_REQUIRED = NO;
				CODE_SIGN_IDENTITY = "";
				COMBINE_HIDPI_IMAGES = YES;
				CURRENT_PROJECT_VERSION = 1;
				GENERATE_INFOPLIST_FILE = YES;
				INFOPLIST_KEY_CFBundleDisplayName = FastMD;
				INFOPLIST_KEY_LSApplicationCategoryType = "public.app-category.productivity";
				INFOPLIST_KEY_LSUIElement = YES;
				INFOPLIST_KEY_NSAppleEventsUsageDescription = "FastMD needs Finder automation to resolve hovered Markdown file paths.";
				LD_RUNPATH_SEARCH_PATHS = "$(inherited) @executable_path/../Frameworks";
				MACOSX_DEPLOYMENT_TARGET = 14.0;
				MARKETING_VERSION = 0.1.0;
				PRODUCT_BUNDLE_IDENTIFIER = com.wangweiyang.FastMD;
				PRODUCT_NAME = "$(TARGET_NAME)";
				SDKROOT = macosx;
				SWIFT_EMIT_LOC_STRINGS = NO;
				SWIFT_VERSION = 6.0;
			};
			name = Debug;
		};
		B7F0BF337348D0325E5B268D /* Debug */ = {
			isa = XCBuildConfiguration;
			buildSettings = {
				BUNDLE_LOADER = "$(TEST_HOST)";
				CODE_SIGNING_ALLOWED = NO;
				CODE_SIGNING_REQUIRED = NO;
				CODE_SIGN_IDENTITY = "";
				GENERATE_INFOPLIST_FILE = YES;
				MACOSX_DEPLOYMENT_TARGET = 14.0;
				PRODUCT_BUNDLE_IDENTIFIER = com.wangweiyang.FastMDTests;
				PRODUCT_NAME = "$(TARGET_NAME)";
				SDKROOT = macosx;
				SWIFT_VERSION = 6.0;
				TEST_HOST = "$(BUILT_PRODUCTS_DIR)/FastMD.app/Contents/MacOS/FastMD";
			};
			name = Debug;
		};
/* End XCBuildConfiguration section */

/* Begin XCConfigurationList section */
		43B010B255A55873C4DBAD00 /* Build configuration list for PBXNativeTarget "FastMDTests" */ = {
			isa = XCConfigurationList;
			buildConfigurations = (
				44013C28244E4E35C1900DBB /* Release */,
				B7F0BF337348D0325E5B268D /* Debug */,
			);
			defaultConfigurationIsVisible = 0;
			defaultConfigurationName = Release;
		};
		480DF99DF02D4339B93B4A1C /* Build configuration list for PBXNativeTarget "FastMD" */ = {
			isa = XCConfigurationList;
			buildConfigurations = (
				5F006C3DDF36B2E50BA89192 /* Release */,
				96A3D1B604E3074922A63E43 /* Debug */,
			);
			defaultConfigurationIsVisible = 0;
			defaultConfigurationName = Release;
		};
		DC7F5880E1A1E5ED706F4E7F /* Build configuration list for PBXProject "FastMD" */ = {
			isa = XCConfigurationList;
			buildConfigurations = (
				6231D16C4AABCF08902B68D0 /* Debug */,
				6A78EA71F1D7599FB9C3C7EB /* Release */,
			);
			defaultConfigurationIsVisible = 0;
			defaultConfigurationName = Release;
		};
/* End XCConfigurationList section */
	};
	rootObject = ED75B21F09A0A32D481C6A41 /* Project object */;
}
